
Microsoft Visual Studio Solution File, Format Version 12.00
# Visual Studio Version 17
VisualStudioVersion = 17.0.31903.59
MinimumVisualStudioVersion = 10.0.40219.1
Project("{9A19103F-16F7-4668-BE54-9A1E7A4F7556}") = "Benchmarks", "Benchmarks\Benchmarks.csproj", "{AB02171B-4ADB-4728-8679-D1CA40EDA798}"
EndProject
Project("{9A19103F-16F7-4668-BE54-9A1E7A4F7556}") = "uax29", "uax29\uax29.csproj", "{901775A9-006B-4627-9B57-92EC4C921738}"
EndProject
Project("{9A19103F-16F7-4668-BE54-9A1E7A4F7556}") = "Codegen", "Codegen\Codegen.csproj", "{C5D56C4E-7E06-4FD8-B7F8-FE29667A08F7}"
EndProject
Project("{FAE04EC0-301F-11D3-BF4B-00C04F79EFBC}") = "Tests", "Tests\Tests.csproj", "{F1CE9A66-098F-4BC4-AA3A-7046C2AC0833}"
EndProject
Global
	GlobalSection(SolutionConfigurationPlatforms) = preSolution
		Debug|Any CPU = Debug|Any CPU
		Release|Any CPU = Release|Any CPU
	EndGlobalSection
	GlobalSection(ProjectConfigurationPlatforms) = postSolution
		{AB02171B-4ADB-4728-8679-D1CA40EDA798}.Debug|Any CPU.ActiveCfg = Debug|Any CPU
		{AB02171B-4ADB-4728-8679-D1CA40EDA798}.Debug|Any CPU.Build.0 = Debug|Any CPU
		{AB02171B-4ADB-4728-8679-D1CA40EDA798}.Release|Any CPU.ActiveCfg = Release|Any CPU
		{AB02171B-4ADB-4728-8679-D1CA40EDA798}.Release|Any CPU.Build.0 = Release|Any CPU
		{901775A9-006B-4627-9B57-92EC4C921738}.Debug|Any CPU.ActiveCfg = Debug|Any CPU
		{901775A9-006B-4627-9B57-92EC4C921738}.Debug|Any CPU.Build.0 = Debug|Any CPU
		{901775A9-006B-4627-9B57-92EC4C921738}.Release|Any CPU.ActiveCfg = Release|Any CPU
		{901775A9-006B-4627-9B57-92EC4C921738}.Release|Any CPU.Build.0 = Release|Any CPU
		{C5D56C4E-7E06-4FD8-B7F8-FE29667A08F7}.Debug|Any CPU.ActiveCfg = Debug|Any CPU
		{C5D56C4E-7E06-4FD8-B7F8-FE29667A08F7}.Debug|Any CPU.Build.0 = Debug|Any CPU
		{C5D56C4E-7E06-4FD8-B7F8-FE29667A08F7}.Release|Any CPU.ActiveCfg = Release|Any CPU
		{C5D56C4E-7E06-4FD8-B7F8-FE29667A08F7}.Release|Any CPU.Build.0 = Release|Any CPU
		{F1CE9A66-098F-4BC4-AA3A-7046C2AC0833}.Debug|Any CPU.ActiveCfg = Debug|Any CPU
		{F1CE9A66-098F-4BC4-AA3A-7046C2AC0833}.Debug|Any CPU.Build.0 = Debug|Any CPU
		{F1CE9A66-098F-4BC4-AA3A-7046C2AC0833}.Release|Any CPU.ActiveCfg = Release|Any CPU
		{F1CE9A66-098F-4BC4-AA3A-7046C2AC0833}.Release|Any CPU.Build.0 = Release|Any CPU
	EndGlobalSection
	GlobalSection(SolutionProperties) = preSolution
		HideSolutionNode = FALSE
	EndGlobalSection
	GlobalSection(ExtensibilityGlobals) = postSolution
		SolutionGuid = {77B7CAB7-7556-4E93-A268-79EE0E9B39B7}
	EndGlobalSection
EndGlobal
